
Microsoft Visual Studio Solution File, Format Version 12.00
# Visual Studio Version 17
VisualStudioVersion = 17.9.34622.214
MinimumVisualStudioVersion = 10.0.40219.1
Project("{9A19103F-16F7-4668-BE54-9A1E7A4F7556}") = "NeuroSpecBackend", "NeuroSpecBackend\NeuroSpecBackend.csproj", "{41438D51-A3B2-4A48-AAA3-17BF707D61DC}"
EndProject
Global
	GlobalSection(SolutionConfigurationPlatforms) = preSolution
		Debug|Any CPU = Debug|Any CPU
		Release|Any CPU = Release|Any CPU
	EndGlobalSection
	GlobalSection(ProjectConfigurationPlatforms) = postSolution
		{41438D51-A3B2-4A48-AAA3-17BF707D61DC}.Debug|Any CPU.ActiveCfg = Debug|Any CPU
		{41438D51-A3B2-4A48-AAA3-17BF707D61DC}.Debug|Any CPU.Build.0 = Debug|Any CPU
		{41438D51-A3B2-4A48-AAA3-17BF707D61DC}.Release|Any CPU.ActiveCfg = Release|Any CPU
		{41438D51-A3B2-4A48-AAA3-17BF707D61DC}.Release|Any CPU.Build.0 = Release|Any CPU
	EndGlobalSection
	GlobalSection(SolutionProperties) = preSolution
		HideSolutionNode = FALSE
	EndGlobalSection
	GlobalSection(ExtensibilityGlobals) = postSolution
		SolutionGuid = {EEF96896-1EA6-468D-BC20-91296A109756}
	EndGlobalSection
	GlobalSection(SharedMSBuildProjectFiles) = preSolution
		..\NeuroSpecCompanion\NeuroSpec.Shared\NeuroSpec.Shared.projitems*{41438d51-a3b2-4a48-aaa3-17bf707d61dc}*SharedItemsImports = 5
	EndGlobalSection
EndGlobal
