
Microsoft Visual Studio Solution File, Format Version 12.00
# Visual Studio Version 17
VisualStudioVersion = 17.7.34221.43
MinimumVisualStudioVersion = 10.0.40219.1
Project("{9A19103F-16F7-4668-BE54-9A1E7A4F7556}") = "clinical", "clinical\clinical.csproj", "{99E79706-7E26-4392-B848-22E79E959DD4}"
EndProject
Global
	GlobalSection(SolutionConfigurationPlatforms) = preSolution
		Debug|Any CPU = Debug|Any CPU
		Release|Any CPU = Release|Any CPU
	EndGlobalSection
	GlobalSection(ProjectConfigurationPlatforms) = postSolution
		{99E79706-7E26-4392-B848-22E79E959DD4}.Debug|Any CPU.ActiveCfg = Debug|Any CPU
		{99E79706-7E26-4392-B848-22E79E959DD4}.Debug|Any CPU.Build.0 = Debug|Any CPU
		{99E79706-7E26-4392-B848-22E79E959DD4}.Release|Any CPU.ActiveCfg = Release|Any CPU
		{99E79706-7E26-4392-B848-22E79E959DD4}.Release|Any CPU.Build.0 = Release|Any CPU
	EndGlobalSection
	GlobalSection(SolutionProperties) = preSolution
		HideSolutionNode = FALSE
	EndGlobalSection
	GlobalSection(ExtensibilityGlobals) = postSolution
		SolutionGuid = {752D5A33-B56E-4CC3-8EA1-3B60D80BEA64}
	EndGlobalSection
	GlobalSection(SharedMSBuildProjectFiles) = preSolution
		..\NeuroSpec.Shared\NeuroSpec.Shared.projitems*{99e79706-7e26-4392-b848-22e79e959dd4}*SharedItemsImports = 5
	EndGlobalSection
EndGlobal
